
Microsoft Visual Studio Solution File, Format Version 12.00
# Visual Studio Version 17
VisualStudioVersion = 17.11.35327.3
MinimumVisualStudioVersion = 10.0.40219.1
Project("{F184B08F-C81C-45F6-A57F-5ABD9991F28F}") = "novagest00002", "novagest00002\novagest00002.vbproj", "{09BAB4AB-4FAD-4530-A3C3-E25089DA8519}"
EndProject
Project("{F184B08F-C81C-45F6-A57F-5ABD9991F28F}") = "novagestperso", "novagestperso\novagestperso.vbproj", "{AB46AFD1-5057-41B7-908F-E53CCF331305}"
EndProject
Project("{F184B08F-C81C-45F6-A57F-5ABD9991F28F}") = "Textboxbotoncontrol", "..\renan\Controles usuarios y utilidades\Textboxboton\TexboxBoton\Textboxbotoncontrol\Textboxbotoncontrol.vbproj", "{7D98BFDC-4069-41B7-8DA8-EC0FF643C4B1}"
EndProject
Project("{F184B08F-C81C-45F6-A57F-5ABD9991F28F}") = "NovaGestvarios", "novagestvarios\NovaGestvarios.vbproj", "{42506DEC-4F11-49E3-B74E-62141150E49E}"
EndProject
Project("{F184B08F-C81C-45F6-A57F-5ABD9991F28F}") = "Novaprocesos", "Novaprocesos\Novaprocesos.vbproj", "{CEAD4CD9-F99B-4466-8C81-8243DFAA7358}"
EndProject
Project("{F184B08F-C81C-45F6-A57F-5ABD9991F28F}") = "RemoteLoader", "Scripts vb\RemoteLoader\RemoteLoader.vbproj", "{35023961-0DF5-0380-11FC-9A31AD7082C8}"
EndProject
Project("{F184B08F-C81C-45F6-A57F-5ABD9991F28F}") = "wwScripting", "Scripts vb\wwScripting\wwScripting.vbproj", "{CA951AFF-D4CE-02FA-125D-616124189C88}"
EndProject
Project("{F184B08F-C81C-45F6-A57F-5ABD9991F28F}") = "VisorDocumentos", "ProyectoVisor\VisorDocumentos.vbproj", "{DB644DDE-84D4-4571-BC96-27C46B4BD150}"
EndProject
Project("{F184B08F-C81C-45F6-A57F-5ABD9991F28F}") = "Balance masas", "Balance masas\Balance masas.vbproj", "{A725F0F7-BD9D-4BCA-BFDB-D73E464C3B51}"
EndProject
Project("{F184B08F-C81C-45F6-A57F-5ABD9991F28F}") = "Trazabilidad fruta", "Trazabilidad fruta\Trazabilidad fruta.vbproj", "{6A562D55-E7AA-44D4-8FA4-F30A01E001DA}"
EndProject
Project("{F184B08F-C81C-45F6-A57F-5ABD9991F28F}") = "confecciones", "confección y carga\confecciones.vbproj", "{BDAE4CC7-11CF-4D5A-B63A-2074251FA8B6}"
EndProject
Project("{F184B08F-C81C-45F6-A57F-5ABD9991F28F}") = "Compras", "Compras\Compras.vbproj", "{F2272D2B-90E8-4DB2-A223-49522A97ED18}"
EndProject
Project("{FAE04EC0-301F-11D3-BF4B-00C04F79EFBC}") = "TwainDotNet", "BIClases01 Twain\TwainDotNet\TwainDotNet.csproj", "{857B8891-2932-484D-A9A8-D38B47108CF0}"
EndProject
Project("{FAE04EC0-301F-11D3-BF4B-00C04F79EFBC}") = "TwainDotNet.WinFroms", "BIClases01 Twain\TwainDotNet.WinFroms\TwainDotNet.WinFroms.csproj", "{715EED8D-94FE-40ED-B3F7-59284FA6242B}"
EndProject
Project("{F184B08F-C81C-45F6-A57F-5ABD9991F28F}") = "Escanerdocumentos", "BIClases01 Twain\Escanerdocumentos\Escanerdocumentos.vbproj", "{34E17A3C-323A-451E-B3F8-973B13AB3754}"
EndProject
Project("{F184B08F-C81C-45F6-A57F-5ABD9991F28F}") = "TwainScanner", "BIClases01 Twain\TwainScanner\TwainScanner.vbproj", "{321FB34D-928D-44DE-9485-AA9041DD1141}"
EndProject
Project("{F184B08F-C81C-45F6-A57F-5ABD9991F28F}") = "proyecto anecoop", "Proyecto ANECOOP\proyecto anecoop.vbproj", "{DAB89E61-CD45-4412-AB9F-039A5B1EC039}"
EndProject
Project("{F184B08F-C81C-45F6-A57F-5ABD9991F28F}") = "Proyalmacen", "Almacenes\Proyalmacen.vbproj", "{F430B9C2-5E71-4AA9-B35C-C4F3F2E309E7}"
EndProject
Project("{FAE04EC0-301F-11D3-BF4B-00C04F79EFBC}") = "AwesomeShapeControl", "_controles\AwesomeShapeControl\AwesomeShapeControl.csproj", "{D2A57A36-81E3-4C01-9DC5-F5BB47D24280}"
EndProject
Project("{F184B08F-C81C-45F6-A57F-5ABD9991F28F}") = "LibComunes", "_preparar dlls\LibComunes\LibComunes.vbproj", "{7833AF2C-5238-4EF8-BD93-B4DEE7671621}"
EndProject
Project("{F184B08F-C81C-45F6-A57F-5ABD9991F28F}") = "BlClases01", "BIClases01 Twain\BlClases01\BlClases01.vbproj", "{6C014799-6151-4D2B-AAEF-68CBD857CC2C}"
EndProject
Project("{F184B08F-C81C-45F6-A57F-5ABD9991F28F}") = "ComprasVentas", "ComprasVentas\ComprasVentas.vbproj", "{772574FD-0411-45AA-9950-1CD85BDBD62D}"
EndProject
Project("{F184B08F-C81C-45F6-A57F-5ABD9991F28F}") = "Datos campos", "Datos campos\Datos campos.vbproj", "{39F1EBBE-0B58-45EC-B3D9-358628A197DE}"
EndProject
Project("{F184B08F-C81C-45F6-A57F-5ABD9991F28F}") = "Entradas Liqudaciones", "Entradas Liquidaciones\Entradas Liqudaciones.vbproj", "{DFFCC725-7694-4BF2-A830-5021E0BDBA40}"
EndProject
Project("{F184B08F-C81C-45F6-A57F-5ABD9991F28F}") = "Entradasfruta", "Entradas fruta\Entradasfruta.vbproj", "{48D4CFC6-DC10-4823-922C-D6F7EBC0B748}"
EndProject
Project("{F184B08F-C81C-45F6-A57F-5ABD9991F28F}") = "LiquidacionCuadrilla", "Liquidacion Cuadrilla\LiquidacionCuadrilla.vbproj", "{B0F12D77-2320-46C4-A863-119BB65D8CD9}"
EndProject
Project("{F184B08F-C81C-45F6-A57F-5ABD9991F28F}") = "Materiales_confeccion", "Materiales confeccion\Materiales_confeccion.vbproj", "{A84B2FE8-5F02-41ED-83F1-192CA14A83B3}"
EndProject
Project("{F184B08F-C81C-45F6-A57F-5ABD9991F28F}") = "ReportBuilder2", "ReportBuilder2\ReportBuilder2.vbproj", "{C2AC7D06-B0F3-4AD0-B257-644DCC3B7B76}"
EndProject
Project("{F184B08F-C81C-45F6-A57F-5ABD9991F28F}") = "Socios", "Socios\Socios.vbproj", "{6351AA9C-7C74-4B84-9702-C7E0C3215CD5}"
EndProject
Project("{F184B08F-C81C-45F6-A57F-5ABD9991F28F}") = "reto", "Reto\reto.vbproj", "{B172434C-488C-4997-B0EC-FFAF613BF467}"
EndProject
Project("{F184B08F-C81C-45F6-A57F-5ABD9991F28F}") = "Servicios Web", "Servicios web\Servicios Web.vbproj", "{1920EF98-C93D-4962-A0D3-0D164489BF07}"
EndProject
Project("{F184B08F-C81C-45F6-A57F-5ABD9991F28F}") = "CoolPrintPreview_VB", "ReportBuilder2\CoolPrintPreview_VB\CoolPrintPreview_VB.vbproj", "{9219E1E9-671B-439B-AA69-185BFB9D0E2F}"
EndProject
Project("{F184B08F-C81C-45F6-A57F-5ABD9991F28F}") = "novagestCampos", "NovagestCampos\novagestCampos.vbproj", "{6D15DF3F-B8AB-4BE8-B3AF-1D52C4FD15D6}"
EndProject
Project("{F184B08F-C81C-45F6-A57F-5ABD9991F28F}") = "novagestGestion1", "NovagestGestion1\novagestGestion1.vbproj", "{FB16D255-E5CC-4657-B163-6FF5313D3DDD}"
EndProject
Project("{F184B08F-C81C-45F6-A57F-5ABD9991F28F}") = "novagestInfconta", "NovagestInfConta\novagestInfconta.vbproj", "{34DA3D18-F391-4B41-864F-A77CC19554FA}"
EndProject
Project("{F184B08F-C81C-45F6-A57F-5ABD9991F28F}") = "novagestsalidas", "NovagestSalidas\novagestsalidas.vbproj", "{4E7F90E8-5145-4DD3-B791-DA032C2BB5CD}"
EndProject
Project("{F184B08F-C81C-45F6-A57F-5ABD9991F28F}") = "novagestSeguros", "NovagestSeguros\novagestSeguros.vbproj", "{B9110381-41DE-45B5-89C4-D0C0D8491F4C}"
EndProject
Project("{F184B08F-C81C-45F6-A57F-5ABD9991F28F}") = "novagestSII", "NovagestSII\novagestSII.vbproj", "{AD6E471A-66A1-40E9-A198-5268836FF858}"
EndProject
Project("{F184B08F-C81C-45F6-A57F-5ABD9991F28F}") = "novagestTablas", "NovagestTablas\novagestTablas.vbproj", "{B50F7FCE-35AF-4310-8BE0-621B7B2F86EE}"
EndProject
Project("{F184B08F-C81C-45F6-A57F-5ABD9991F28F}") = "PdfOper", "PdfOper\PdfOper.vbproj", "{5E3174F9-80D7-48D7-9954-265CB3C4D1F5}"
EndProject
Project("{F184B08F-C81C-45F6-A57F-5ABD9991F28F}") = "Menugeneral", "Menú\Menugeneral.vbproj", "{AB1801EB-8C49-401B-BFD4-7F9EFB4308C2}"
EndProject
Global
	GlobalSection(SolutionConfigurationPlatforms) = preSolution
		Debug|Any CPU = Debug|Any CPU
		Debug|x64 = Debug|x64
		Debug|x86 = Debug|x86
		Release|Any CPU = Release|Any CPU
		Release|x64 = Release|x64
		Release|x86 = Release|x86
	EndGlobalSection
	GlobalSection(ProjectConfigurationPlatforms) = postSolution
		{09BAB4AB-4FAD-4530-A3C3-E25089DA8519}.Debug|Any CPU.ActiveCfg = Debug|Any CPU
		{09BAB4AB-4FAD-4530-A3C3-E25089DA8519}.Debug|Any CPU.Build.0 = Debug|Any CPU
		{09BAB4AB-4FAD-4530-A3C3-E25089DA8519}.Debug|x64.ActiveCfg = Debug|Any CPU
		{09BAB4AB-4FAD-4530-A3C3-E25089DA8519}.Debug|x64.Build.0 = Debug|Any CPU
		{09BAB4AB-4FAD-4530-A3C3-E25089DA8519}.Debug|x86.ActiveCfg = Debug|Any CPU
		{09BAB4AB-4FAD-4530-A3C3-E25089DA8519}.Debug|x86.Build.0 = Debug|Any CPU
		{09BAB4AB-4FAD-4530-A3C3-E25089DA8519}.Release|Any CPU.ActiveCfg = Release|Any CPU
		{09BAB4AB-4FAD-4530-A3C3-E25089DA8519}.Release|Any CPU.Build.0 = Release|Any CPU
		{09BAB4AB-4FAD-4530-A3C3-E25089DA8519}.Release|x64.ActiveCfg = Release|Any CPU
		{09BAB4AB-4FAD-4530-A3C3-E25089DA8519}.Release|x64.Build.0 = Release|Any CPU
		{09BAB4AB-4FAD-4530-A3C3-E25089DA8519}.Release|x86.ActiveCfg = Release|Any CPU
		{09BAB4AB-4FAD-4530-A3C3-E25089DA8519}.Release|x86.Build.0 = Release|Any CPU
		{AB46AFD1-5057-41B7-908F-E53CCF331305}.Debug|Any CPU.ActiveCfg = Debug|Any CPU
		{AB46AFD1-5057-41B7-908F-E53CCF331305}.Debug|Any CPU.Build.0 = Debug|Any CPU
		{AB46AFD1-5057-41B7-908F-E53CCF331305}.Debug|x64.ActiveCfg = Debug|Any CPU
		{AB46AFD1-5057-41B7-908F-E53CCF331305}.Debug|x64.Build.0 = Debug|Any CPU
		{AB46AFD1-5057-41B7-908F-E53CCF331305}.Debug|x86.ActiveCfg = Debug|Any CPU
		{AB46AFD1-5057-41B7-908F-E53CCF331305}.Debug|x86.Build.0 = Debug|Any CPU
		{AB46AFD1-5057-41B7-908F-E53CCF331305}.Release|Any CPU.ActiveCfg = Release|Any CPU
		{AB46AFD1-5057-41B7-908F-E53CCF331305}.Release|Any CPU.Build.0 = Release|Any CPU
		{AB46AFD1-5057-41B7-908F-E53CCF331305}.Release|x64.ActiveCfg = Release|Any CPU
		{AB46AFD1-5057-41B7-908F-E53CCF331305}.Release|x64.Build.0 = Release|Any CPU
		{AB46AFD1-5057-41B7-908F-E53CCF331305}.Release|x86.ActiveCfg = Release|Any CPU
		{AB46AFD1-5057-41B7-908F-E53CCF331305}.Release|x86.Build.0 = Release|Any CPU
		{7D98BFDC-4069-41B7-8DA8-EC0FF643C4B1}.Debug|Any CPU.ActiveCfg = Debug|Any CPU
		{7D98BFDC-4069-41B7-8DA8-EC0FF643C4B1}.Debug|Any CPU.Build.0 = Debug|Any CPU
		{7D98BFDC-4069-41B7-8DA8-EC0FF643C4B1}.Debug|x64.ActiveCfg = Debug|Any CPU
		{7D98BFDC-4069-41B7-8DA8-EC0FF643C4B1}.Debug|x64.Build.0 = Debug|Any CPU
		{7D98BFDC-4069-41B7-8DA8-EC0FF643C4B1}.Debug|x86.ActiveCfg = Debug|Any CPU
		{7D98BFDC-4069-41B7-8DA8-EC0FF643C4B1}.Debug|x86.Build.0 = Debug|Any CPU
		{7D98BFDC-4069-41B7-8DA8-EC0FF643C4B1}.Release|Any CPU.ActiveCfg = Release|Any CPU
		{7D98BFDC-4069-41B7-8DA8-EC0FF643C4B1}.Release|Any CPU.Build.0 = Release|Any CPU
		{7D98BFDC-4069-41B7-8DA8-EC0FF643C4B1}.Release|x64.ActiveCfg = Release|Any CPU
		{7D98BFDC-4069-41B7-8DA8-EC0FF643C4B1}.Release|x64.Build.0 = Release|Any CPU
		{7D98BFDC-4069-41B7-8DA8-EC0FF643C4B1}.Release|x86.ActiveCfg = Release|Any CPU
		{7D98BFDC-4069-41B7-8DA8-EC0FF643C4B1}.Release|x86.Build.0 = Release|Any CPU
		{42506DEC-4F11-49E3-B74E-62141150E49E}.Debug|Any CPU.ActiveCfg = Debug|Any CPU
		{42506DEC-4F11-49E3-B74E-62141150E49E}.Debug|Any CPU.Build.0 = Debug|Any CPU
		{42506DEC-4F11-49E3-B74E-62141150E49E}.Debug|x64.ActiveCfg = Debug|Any CPU
		{42506DEC-4F11-49E3-B74E-62141150E49E}.Debug|x64.Build.0 = Debug|Any CPU
		{42506DEC-4F11-49E3-B74E-62141150E49E}.Debug|x86.ActiveCfg = Debug|Any CPU
		{42506DEC-4F11-49E3-B74E-62141150E49E}.Debug|x86.Build.0 = Debug|Any CPU
		{42506DEC-4F11-49E3-B74E-62141150E49E}.Release|Any CPU.ActiveCfg = Release|Any CPU
		{42506DEC-4F11-49E3-B74E-62141150E49E}.Release|Any CPU.Build.0 = Release|Any CPU
		{42506DEC-4F11-49E3-B74E-62141150E49E}.Release|x64.ActiveCfg = Release|Any CPU
		{42506DEC-4F11-49E3-B74E-62141150E49E}.Release|x64.Build.0 = Release|Any CPU
		{42506DEC-4F11-49E3-B74E-62141150E49E}.Release|x86.ActiveCfg = Release|Any CPU
		{42506DEC-4F11-49E3-B74E-62141150E49E}.Release|x86.Build.0 = Release|Any CPU
		{CEAD4CD9-F99B-4466-8C81-8243DFAA7358}.Debug|Any CPU.ActiveCfg = Debug|Any CPU
		{CEAD4CD9-F99B-4466-8C81-8243DFAA7358}.Debug|Any CPU.Build.0 = Debug|Any CPU
		{CEAD4CD9-F99B-4466-8C81-8243DFAA7358}.Debug|x64.ActiveCfg = Debug|Any CPU
		{CEAD4CD9-F99B-4466-8C81-8243DFAA7358}.Debug|x64.Build.0 = Debug|Any CPU
		{CEAD4CD9-F99B-4466-8C81-8243DFAA7358}.Debug|x86.ActiveCfg = Debug|Any CPU
		{CEAD4CD9-F99B-4466-8C81-8243DFAA7358}.Debug|x86.Build.0 = Debug|Any CPU
		{CEAD4CD9-F99B-4466-8C81-8243DFAA7358}.Release|Any CPU.ActiveCfg = Release|Any CPU
		{CEAD4CD9-F99B-4466-8C81-8243DFAA7358}.Release|Any CPU.Build.0 = Release|Any CPU
		{CEAD4CD9-F99B-4466-8C81-8243DFAA7358}.Release|x64.ActiveCfg = Release|Any CPU
		{CEAD4CD9-F99B-4466-8C81-8243DFAA7358}.Release|x64.Build.0 = Release|Any CPU
		{CEAD4CD9-F99B-4466-8C81-8243DFAA7358}.Release|x86.ActiveCfg = Release|Any CPU
		{CEAD4CD9-F99B-4466-8C81-8243DFAA7358}.Release|x86.Build.0 = Release|Any CPU
		{35023961-0DF5-0380-11FC-9A31AD7082C8}.Debug|Any CPU.ActiveCfg = Debug|Any CPU
		{35023961-0DF5-0380-11FC-9A31AD7082C8}.Debug|Any CPU.Build.0 = Debug|Any CPU
		{35023961-0DF5-0380-11FC-9A31AD7082C8}.Debug|x64.ActiveCfg = Debug|Any CPU
		{35023961-0DF5-0380-11FC-9A31AD7082C8}.Debug|x64.Build.0 = Debug|Any CPU
		{35023961-0DF5-0380-11FC-9A31AD7082C8}.Debug|x86.ActiveCfg = Debug|Any CPU
		{35023961-0DF5-0380-11FC-9A31AD7082C8}.Debug|x86.Build.0 = Debug|Any CPU
		{35023961-0DF5-0380-11FC-9A31AD7082C8}.Release|Any CPU.ActiveCfg = Release|Any CPU
		{35023961-0DF5-0380-11FC-9A31AD7082C8}.Release|Any CPU.Build.0 = Release|Any CPU
		{35023961-0DF5-0380-11FC-9A31AD7082C8}.Release|x64.ActiveCfg = Release|Any CPU
		{35023961-0DF5-0380-11FC-9A31AD7082C8}.Release|x64.Build.0 = Release|Any CPU
		{35023961-0DF5-0380-11FC-9A31AD7082C8}.Release|x86.ActiveCfg = Release|Any CPU
		{35023961-0DF5-0380-11FC-9A31AD7082C8}.Release|x86.Build.0 = Release|Any CPU
		{CA951AFF-D4CE-02FA-125D-616124189C88}.Debug|Any CPU.ActiveCfg = Debug|Any CPU
		{CA951AFF-D4CE-02FA-125D-616124189C88}.Debug|Any CPU.Build.0 = Debug|Any CPU
		{CA951AFF-D4CE-02FA-125D-616124189C88}.Debug|x64.ActiveCfg = Debug|Any CPU
		{CA951AFF-D4CE-02FA-125D-616124189C88}.Debug|x64.Build.0 = Debug|Any CPU
		{CA951AFF-D4CE-02FA-125D-616124189C88}.Debug|x86.ActiveCfg = Debug|Any CPU
		{CA951AFF-D4CE-02FA-125D-616124189C88}.Debug|x86.Build.0 = Debug|Any CPU
		{CA951AFF-D4CE-02FA-125D-616124189C88}.Release|Any CPU.ActiveCfg = Release|Any CPU
		{CA951AFF-D4CE-02FA-125D-616124189C88}.Release|Any CPU.Build.0 = Release|Any CPU
		{CA951AFF-D4CE-02FA-125D-616124189C88}.Release|x64.ActiveCfg = Release|Any CPU
		{CA951AFF-D4CE-02FA-125D-616124189C88}.Release|x64.Build.0 = Release|Any CPU
		{CA951AFF-D4CE-02FA-125D-616124189C88}.Release|x86.ActiveCfg = Release|Any CPU
		{CA951AFF-D4CE-02FA-125D-616124189C88}.Release|x86.Build.0 = Release|Any CPU
		{DB644DDE-84D4-4571-BC96-27C46B4BD150}.Debug|Any CPU.ActiveCfg = Debug|Any CPU
		{DB644DDE-84D4-4571-BC96-27C46B4BD150}.Debug|Any CPU.Build.0 = Debug|Any CPU
		{DB644DDE-84D4-4571-BC96-27C46B4BD150}.Debug|x64.ActiveCfg = Debug|Any CPU
		{DB644DDE-84D4-4571-BC96-27C46B4BD150}.Debug|x64.Build.0 = Debug|Any CPU
		{DB644DDE-84D4-4571-BC96-27C46B4BD150}.Debug|x86.ActiveCfg = Debug|Any CPU
		{DB644DDE-84D4-4571-BC96-27C46B4BD150}.Debug|x86.Build.0 = Debug|Any CPU
		{DB644DDE-84D4-4571-BC96-27C46B4BD150}.Release|Any CPU.ActiveCfg = Release|Any CPU
		{DB644DDE-84D4-4571-BC96-27C46B4BD150}.Release|Any CPU.Build.0 = Release|Any CPU
		{DB644DDE-84D4-4571-BC96-27C46B4BD150}.Release|x64.ActiveCfg = Release|Any CPU
		{DB644DDE-84D4-4571-BC96-27C46B4BD150}.Release|x64.Build.0 = Release|Any CPU
		{DB644DDE-84D4-4571-BC96-27C46B4BD150}.Release|x86.ActiveCfg = Release|Any CPU
		{DB644DDE-84D4-4571-BC96-27C46B4BD150}.Release|x86.Build.0 = Release|Any CPU
		{A725F0F7-BD9D-4BCA-BFDB-D73E464C3B51}.Debug|Any CPU.ActiveCfg = Debug|Any CPU
		{A725F0F7-BD9D-4BCA-BFDB-D73E464C3B51}.Debug|Any CPU.Build.0 = Debug|Any CPU
		{A725F0F7-BD9D-4BCA-BFDB-D73E464C3B51}.Debug|x64.ActiveCfg = Debug|Any CPU
		{A725F0F7-BD9D-4BCA-BFDB-D73E464C3B51}.Debug|x64.Build.0 = Debug|Any CPU
		{A725F0F7-BD9D-4BCA-BFDB-D73E464C3B51}.Debug|x86.ActiveCfg = Debug|Any CPU
		{A725F0F7-BD9D-4BCA-BFDB-D73E464C3B51}.Debug|x86.Build.0 = Debug|Any CPU
		{A725F0F7-BD9D-4BCA-BFDB-D73E464C3B51}.Release|Any CPU.ActiveCfg = Release|Any CPU
		{A725F0F7-BD9D-4BCA-BFDB-D73E464C3B51}.Release|Any CPU.Build.0 = Release|Any CPU
		{A725F0F7-BD9D-4BCA-BFDB-D73E464C3B51}.Release|x64.ActiveCfg = Release|Any CPU
		{A725F0F7-BD9D-4BCA-BFDB-D73E464C3B51}.Release|x64.Build.0 = Release|Any CPU
		{A725F0F7-BD9D-4BCA-BFDB-D73E464C3B51}.Release|x86.ActiveCfg = Release|Any CPU
		{A725F0F7-BD9D-4BCA-BFDB-D73E464C3B51}.Release|x86.Build.0 = Release|Any CPU
		{6A562D55-E7AA-44D4-8FA4-F30A01E001DA}.Debug|Any CPU.ActiveCfg = Debug|Any CPU
		{6A562D55-E7AA-44D4-8FA4-F30A01E001DA}.Debug|Any CPU.Build.0 = Debug|Any CPU
		{6A562D55-E7AA-44D4-8FA4-F30A01E001DA}.Debug|x64.ActiveCfg = Debug|Any CPU
		{6A562D55-E7AA-44D4-8FA4-F30A01E001DA}.Debug|x64.Build.0 = Debug|Any CPU
		{6A562D55-E7AA-44D4-8FA4-F30A01E001DA}.Debug|x86.ActiveCfg = Debug|Any CPU
		{6A562D55-E7AA-44D4-8FA4-F30A01E001DA}.Debug|x86.Build.0 = Debug|Any CPU
		{6A562D55-E7AA-44D4-8FA4-F30A01E001DA}.Release|Any CPU.ActiveCfg = Release|Any CPU
		{6A562D55-E7AA-44D4-8FA4-F30A01E001DA}.Release|Any CPU.Build.0 = Release|Any CPU
		{6A562D55-E7AA-44D4-8FA4-F30A01E001DA}.Release|x64.ActiveCfg = Release|Any CPU
		{6A562D55-E7AA-44D4-8FA4-F30A01E001DA}.Release|x64.Build.0 = Release|Any CPU
		{6A562D55-E7AA-44D4-8FA4-F30A01E001DA}.Release|x86.ActiveCfg = Release|Any CPU
		{6A562D55-E7AA-44D4-8FA4-F30A01E001DA}.Release|x86.Build.0 = Release|Any CPU
		{BDAE4CC7-11CF-4D5A-B63A-2074251FA8B6}.Debug|Any CPU.ActiveCfg = Debug|Any CPU
		{BDAE4CC7-11CF-4D5A-B63A-2074251FA8B6}.Debug|Any CPU.Build.0 = Debug|Any CPU
		{BDAE4CC7-11CF-4D5A-B63A-2074251FA8B6}.Debug|x64.ActiveCfg = Debug|Any CPU
		{BDAE4CC7-11CF-4D5A-B63A-2074251FA8B6}.Debug|x64.Build.0 = Debug|Any CPU
		{BDAE4CC7-11CF-4D5A-B63A-2074251FA8B6}.Debug|x86.ActiveCfg = Debug|Any CPU
		{BDAE4CC7-11CF-4D5A-B63A-2074251FA8B6}.Debug|x86.Build.0 = Debug|Any CPU
		{BDAE4CC7-11CF-4D5A-B63A-2074251FA8B6}.Release|Any CPU.ActiveCfg = Release|Any CPU
		{BDAE4CC7-11CF-4D5A-B63A-2074251FA8B6}.Release|Any CPU.Build.0 = Release|Any CPU
		{BDAE4CC7-11CF-4D5A-B63A-2074251FA8B6}.Release|x64.ActiveCfg = Release|Any CPU
		{BDAE4CC7-11CF-4D5A-B63A-2074251FA8B6}.Release|x64.Build.0 = Release|Any CPU
		{BDAE4CC7-11CF-4D5A-B63A-2074251FA8B6}.Release|x86.ActiveCfg = Release|Any CPU
		{BDAE4CC7-11CF-4D5A-B63A-2074251FA8B6}.Release|x86.Build.0 = Release|Any CPU
		{F2272D2B-90E8-4DB2-A223-49522A97ED18}.Debug|Any CPU.ActiveCfg = Debug|Any CPU
		{F2272D2B-90E8-4DB2-A223-49522A97ED18}.Debug|Any CPU.Build.0 = Debug|Any CPU
		{F2272D2B-90E8-4DB2-A223-49522A97ED18}.Debug|x64.ActiveCfg = Debug|Any CPU
		{F2272D2B-90E8-4DB2-A223-49522A97ED18}.Debug|x64.Build.0 = Debug|Any CPU
		{F2272D2B-90E8-4DB2-A223-49522A97ED18}.Debug|x86.ActiveCfg = Debug|Any CPU
		{F2272D2B-90E8-4DB2-A223-49522A97ED18}.Debug|x86.Build.0 = Debug|Any CPU
		{F2272D2B-90E8-4DB2-A223-49522A97ED18}.Release|Any CPU.ActiveCfg = Release|Any CPU
		{F2272D2B-90E8-4DB2-A223-49522A97ED18}.Release|Any CPU.Build.0 = Release|Any CPU
		{F2272D2B-90E8-4DB2-A223-49522A97ED18}.Release|x64.ActiveCfg = Release|Any CPU
		{F2272D2B-90E8-4DB2-A223-49522A97ED18}.Release|x64.Build.0 = Release|Any CPU
		{F2272D2B-90E8-4DB2-A223-49522A97ED18}.Release|x86.ActiveCfg = Release|Any CPU
		{F2272D2B-90E8-4DB2-A223-49522A97ED18}.Release|x86.Build.0 = Release|Any CPU
		{857B8891-2932-484D-A9A8-D38B47108CF0}.Debug|Any CPU.ActiveCfg = Debug|Any CPU
		{857B8891-2932-484D-A9A8-D38B47108CF0}.Debug|Any CPU.Build.0 = Debug|Any CPU
		{857B8891-2932-484D-A9A8-D38B47108CF0}.Debug|x64.ActiveCfg = Debug|Any CPU
		{857B8891-2932-484D-A9A8-D38B47108CF0}.Debug|x64.Build.0 = Debug|Any CPU
		{857B8891-2932-484D-A9A8-D38B47108CF0}.Debug|x86.ActiveCfg = Debug|Any CPU
		{857B8891-2932-484D-A9A8-D38B47108CF0}.Debug|x86.Build.0 = Debug|Any CPU
		{857B8891-2932-484D-A9A8-D38B47108CF0}.Release|Any CPU.ActiveCfg = Release|Any CPU
		{857B8891-2932-484D-A9A8-D38B47108CF0}.Release|Any CPU.Build.0 = Release|Any CPU
		{857B8891-2932-484D-A9A8-D38B47108CF0}.Release|x64.ActiveCfg = Release|Any CPU
		{857B8891-2932-484D-A9A8-D38B47108CF0}.Release|x64.Build.0 = Release|Any CPU
		{857B8891-2932-484D-A9A8-D38B47108CF0}.Release|x86.ActiveCfg = Release|Any CPU
		{857B8891-2932-484D-A9A8-D38B47108CF0}.Release|x86.Build.0 = Release|Any CPU
		{715EED8D-94FE-40ED-B3F7-59284FA6242B}.Debug|Any CPU.ActiveCfg = Debug|Any CPU
		{715EED8D-94FE-40ED-B3F7-59284FA6242B}.Debug|Any CPU.Build.0 = Debug|Any CPU
		{715EED8D-94FE-40ED-B3F7-59284FA6242B}.Debug|x64.ActiveCfg = Debug|Any CPU
		{715EED8D-94FE-40ED-B3F7-59284FA6242B}.Debug|x64.Build.0 = Debug|Any CPU
		{715EED8D-94FE-40ED-B3F7-59284FA6242B}.Debug|x86.ActiveCfg = Debug|Any CPU
		{715EED8D-94FE-40ED-B3F7-59284FA6242B}.Debug|x86.Build.0 = Debug|Any CPU
		{715EED8D-94FE-40ED-B3F7-59284FA6242B}.Release|Any CPU.ActiveCfg = Release|Any CPU
		{715EED8D-94FE-40ED-B3F7-59284FA6242B}.Release|Any CPU.Build.0 = Release|Any CPU
		{715EED8D-94FE-40ED-B3F7-59284FA6242B}.Release|x64.ActiveCfg = Release|Any CPU
		{715EED8D-94FE-40ED-B3F7-59284FA6242B}.Release|x64.Build.0 = Release|Any CPU
		{715EED8D-94FE-40ED-B3F7-59284FA6242B}.Release|x86.ActiveCfg = Release|Any CPU
		{715EED8D-94FE-40ED-B3F7-59284FA6242B}.Release|x86.Build.0 = Release|Any CPU
		{34E17A3C-323A-451E-B3F8-973B13AB3754}.Debug|Any CPU.ActiveCfg = Debug|Any CPU
		{34E17A3C-323A-451E-B3F8-973B13AB3754}.Debug|Any CPU.Build.0 = Debug|Any CPU
		{34E17A3C-323A-451E-B3F8-973B13AB3754}.Debug|x64.ActiveCfg = Debug|Any CPU
		{34E17A3C-323A-451E-B3F8-973B13AB3754}.Debug|x64.Build.0 = Debug|Any CPU
		{34E17A3C-323A-451E-B3F8-973B13AB3754}.Debug|x86.ActiveCfg = Debug|Any CPU
		{34E17A3C-323A-451E-B3F8-973B13AB3754}.Debug|x86.Build.0 = Debug|Any CPU
		{34E17A3C-323A-451E-B3F8-973B13AB3754}.Release|Any CPU.ActiveCfg = Release|Any CPU
		{34E17A3C-323A-451E-B3F8-973B13AB3754}.Release|Any CPU.Build.0 = Release|Any CPU
		{34E17A3C-323A-451E-B3F8-973B13AB3754}.Release|x64.ActiveCfg = Release|Any CPU
		{34E17A3C-323A-451E-B3F8-973B13AB3754}.Release|x64.Build.0 = Release|Any CPU
		{34E17A3C-323A-451E-B3F8-973B13AB3754}.Release|x86.ActiveCfg = Release|Any CPU
		{34E17A3C-323A-451E-B3F8-973B13AB3754}.Release|x86.Build.0 = Release|Any CPU
		{321FB34D-928D-44DE-9485-AA9041DD1141}.Debug|Any CPU.ActiveCfg = Debug|Any CPU
		{321FB34D-928D-44DE-9485-AA9041DD1141}.Debug|Any CPU.Build.0 = Debug|Any CPU
		{321FB34D-928D-44DE-9485-AA9041DD1141}.Debug|x64.ActiveCfg = Debug|Any CPU
		{321FB34D-928D-44DE-9485-AA9041DD1141}.Debug|x64.Build.0 = Debug|Any CPU
		{321FB34D-928D-44DE-9485-AA9041DD1141}.Debug|x86.ActiveCfg = Debug|Any CPU
		{321FB34D-928D-44DE-9485-AA9041DD1141}.Debug|x86.Build.0 = Debug|Any CPU
		{321FB34D-928D-44DE-9485-AA9041DD1141}.Release|Any CPU.ActiveCfg = Release|Any CPU
		{321FB34D-928D-44DE-9485-AA9041DD1141}.Release|Any CPU.Build.0 = Release|Any CPU
		{321FB34D-928D-44DE-9485-AA9041DD1141}.Release|x64.ActiveCfg = Release|Any CPU
		{321FB34D-928D-44DE-9485-AA9041DD1141}.Release|x64.Build.0 = Release|Any CPU
		{321FB34D-928D-44DE-9485-AA9041DD1141}.Release|x86.ActiveCfg = Release|Any CPU
		{321FB34D-928D-44DE-9485-AA9041DD1141}.Release|x86.Build.0 = Release|Any CPU
		{DAB89E61-CD45-4412-AB9F-039A5B1EC039}.Debug|Any CPU.ActiveCfg = Debug|Any CPU
		{DAB89E61-CD45-4412-AB9F-039A5B1EC039}.Debug|Any CPU.Build.0 = Debug|Any CPU
		{DAB89E61-CD45-4412-AB9F-039A5B1EC039}.Debug|x64.ActiveCfg = Debug|Any CPU
		{DAB89E61-CD45-4412-AB9F-039A5B1EC039}.Debug|x64.Build.0 = Debug|Any CPU
		{DAB89E61-CD45-4412-AB9F-039A5B1EC039}.Debug|x86.ActiveCfg = Debug|Any CPU
		{DAB89E61-CD45-4412-AB9F-039A5B1EC039}.Debug|x86.Build.0 = Debug|Any CPU
		{DAB89E61-CD45-4412-AB9F-039A5B1EC039}.Release|Any CPU.ActiveCfg = Release|Any CPU
		{DAB89E61-CD45-4412-AB9F-039A5B1EC039}.Release|Any CPU.Build.0 = Release|Any CPU
		{DAB89E61-CD45-4412-AB9F-039A5B1EC039}.Release|x64.ActiveCfg = Release|Any CPU
		{DAB89E61-CD45-4412-AB9F-039A5B1EC039}.Release|x64.Build.0 = Release|Any CPU
		{DAB89E61-CD45-4412-AB9F-039A5B1EC039}.Release|x86.ActiveCfg = Release|Any CPU
		{DAB89E61-CD45-4412-AB9F-039A5B1EC039}.Release|x86.Build.0 = Release|Any CPU
		{F430B9C2-5E71-4AA9-B35C-C4F3F2E309E7}.Debug|Any CPU.ActiveCfg = Debug|Any CPU
		{F430B9C2-5E71-4AA9-B35C-C4F3F2E309E7}.Debug|Any CPU.Build.0 = Debug|Any CPU
		{F430B9C2-5E71-4AA9-B35C-C4F3F2E309E7}.Debug|x64.ActiveCfg = Debug|Any CPU
		{F430B9C2-5E71-4AA9-B35C-C4F3F2E309E7}.Debug|x64.Build.0 = Debug|Any CPU
		{F430B9C2-5E71-4AA9-B35C-C4F3F2E309E7}.Debug|x86.ActiveCfg = Debug|Any CPU
		{F430B9C2-5E71-4AA9-B35C-C4F3F2E309E7}.Debug|x86.Build.0 = Debug|Any CPU
		{F430B9C2-5E71-4AA9-B35C-C4F3F2E309E7}.Release|Any CPU.ActiveCfg = Release|Any CPU
		{F430B9C2-5E71-4AA9-B35C-C4F3F2E309E7}.Release|Any CPU.Build.0 = Release|Any CPU
		{F430B9C2-5E71-4AA9-B35C-C4F3F2E309E7}.Release|x64.ActiveCfg = Release|Any CPU
		{F430B9C2-5E71-4AA9-B35C-C4F3F2E309E7}.Release|x64.Build.0 = Release|Any CPU
		{F430B9C2-5E71-4AA9-B35C-C4F3F2E309E7}.Release|x86.ActiveCfg = Release|Any CPU
		{F430B9C2-5E71-4AA9-B35C-C4F3F2E309E7}.Release|x86.Build.0 = Release|Any CPU
		{D2A57A36-81E3-4C01-9DC5-F5BB47D24280}.Debug|Any CPU.ActiveCfg = Debug|Any CPU
		{D2A57A36-81E3-4C01-9DC5-F5BB47D24280}.Debug|Any CPU.Build.0 = Debug|Any CPU
		{D2A57A36-81E3-4C01-9DC5-F5BB47D24280}.Debug|x64.ActiveCfg = Debug|Any CPU
		{D2A57A36-81E3-4C01-9DC5-F5BB47D24280}.Debug|x64.Build.0 = Debug|Any CPU
		{D2A57A36-81E3-4C01-9DC5-F5BB47D24280}.Debug|x86.ActiveCfg = Debug|Any CPU
		{D2A57A36-81E3-4C01-9DC5-F5BB47D24280}.Debug|x86.Build.0 = Debug|Any CPU
		{D2A57A36-81E3-4C01-9DC5-F5BB47D24280}.Release|Any CPU.ActiveCfg = Release|Any CPU
		{D2A57A36-81E3-4C01-9DC5-F5BB47D24280}.Release|Any CPU.Build.0 = Release|Any CPU
		{D2A57A36-81E3-4C01-9DC5-F5BB47D24280}.Release|x64.ActiveCfg = Release|Any CPU
		{D2A57A36-81E3-4C01-9DC5-F5BB47D24280}.Release|x64.Build.0 = Release|Any CPU
		{D2A57A36-81E3-4C01-9DC5-F5BB47D24280}.Release|x86.ActiveCfg = Release|Any CPU
		{D2A57A36-81E3-4C01-9DC5-F5BB47D24280}.Release|x86.Build.0 = Release|Any CPU
		{7833AF2C-5238-4EF8-BD93-B4DEE7671621}.Debug|Any CPU.ActiveCfg = Debug|Any CPU
		{7833AF2C-5238-4EF8-BD93-B4DEE7671621}.Debug|Any CPU.Build.0 = Debug|Any CPU
		{7833AF2C-5238-4EF8-BD93-B4DEE7671621}.Debug|x64.ActiveCfg = Debug|Any CPU
		{7833AF2C-5238-4EF8-BD93-B4DEE7671621}.Debug|x64.Build.0 = Debug|Any CPU
		{7833AF2C-5238-4EF8-BD93-B4DEE7671621}.Debug|x86.ActiveCfg = Debug|Any CPU
		{7833AF2C-5238-4EF8-BD93-B4DEE7671621}.Debug|x86.Build.0 = Debug|Any CPU
		{7833AF2C-5238-4EF8-BD93-B4DEE7671621}.Release|Any CPU.ActiveCfg = Release|Any CPU
		{7833AF2C-5238-4EF8-BD93-B4DEE7671621}.Release|Any CPU.Build.0 = Release|Any CPU
		{7833AF2C-5238-4EF8-BD93-B4DEE7671621}.Release|x64.ActiveCfg = Release|Any CPU
		{7833AF2C-5238-4EF8-BD93-B4DEE7671621}.Release|x64.Build.0 = Release|Any CPU
		{7833AF2C-5238-4EF8-BD93-B4DEE7671621}.Release|x86.ActiveCfg = Release|Any CPU
		{7833AF2C-5238-4EF8-BD93-B4DEE7671621}.Release|x86.Build.0 = Release|Any CPU
		{6C014799-6151-4D2B-AAEF-68CBD857CC2C}.Debug|Any CPU.ActiveCfg = Debug|Any CPU
		{6C014799-6151-4D2B-AAEF-68CBD857CC2C}.Debug|Any CPU.Build.0 = Debug|Any CPU
		{6C014799-6151-4D2B-AAEF-68CBD857CC2C}.Debug|x64.ActiveCfg = Debug|x64
		{6C014799-6151-4D2B-AAEF-68CBD857CC2C}.Debug|x64.Build.0 = Debug|x64
		{6C014799-6151-4D2B-AAEF-68CBD857CC2C}.Debug|x86.ActiveCfg = Debug|x86
		{6C014799-6151-4D2B-AAEF-68CBD857CC2C}.Debug|x86.Build.0 = Debug|x86
		{6C014799-6151-4D2B-AAEF-68CBD857CC2C}.Release|Any CPU.ActiveCfg = Release|Any CPU
		{6C014799-6151-4D2B-AAEF-68CBD857CC2C}.Release|Any CPU.Build.0 = Release|Any CPU
		{6C014799-6151-4D2B-AAEF-68CBD857CC2C}.Release|x64.ActiveCfg = Release|x64
		{6C014799-6151-4D2B-AAEF-68CBD857CC2C}.Release|x64.Build.0 = Release|x64
		{6C014799-6151-4D2B-AAEF-68CBD857CC2C}.Release|x86.ActiveCfg = Release|x86
		{6C014799-6151-4D2B-AAEF-68CBD857CC2C}.Release|x86.Build.0 = Release|x86
		{772574FD-0411-45AA-9950-1CD85BDBD62D}.Debug|Any CPU.ActiveCfg = Debug|Any CPU
		{772574FD-0411-45AA-9950-1CD85BDBD62D}.Debug|Any CPU.Build.0 = Debug|Any CPU
		{772574FD-0411-45AA-9950-1CD85BDBD62D}.Debug|x64.ActiveCfg = Debug|Any CPU
		{772574FD-0411-45AA-9950-1CD85BDBD62D}.Debug|x64.Build.0 = Debug|Any CPU
		{772574FD-0411-45AA-9950-1CD85BDBD62D}.Debug|x86.ActiveCfg = Debug|Any CPU
		{772574FD-0411-45AA-9950-1CD85BDBD62D}.Debug|x86.Build.0 = Debug|Any CPU
		{772574FD-0411-45AA-9950-1CD85BDBD62D}.Release|Any CPU.ActiveCfg = Release|Any CPU
		{772574FD-0411-45AA-9950-1CD85BDBD62D}.Release|Any CPU.Build.0 = Release|Any CPU
		{772574FD-0411-45AA-9950-1CD85BDBD62D}.Release|x64.ActiveCfg = Release|Any CPU
		{772574FD-0411-45AA-9950-1CD85BDBD62D}.Release|x64.Build.0 = Release|Any CPU
		{772574FD-0411-45AA-9950-1CD85BDBD62D}.Release|x86.ActiveCfg = Release|Any CPU
		{772574FD-0411-45AA-9950-1CD85BDBD62D}.Release|x86.Build.0 = Release|Any CPU
		{39F1EBBE-0B58-45EC-B3D9-358628A197DE}.Debug|Any CPU.ActiveCfg = Debug|Any CPU
		{39F1EBBE-0B58-45EC-B3D9-358628A197DE}.Debug|Any CPU.Build.0 = Debug|Any CPU
		{39F1EBBE-0B58-45EC-B3D9-358628A197DE}.Debug|x64.ActiveCfg = Debug|Any CPU
		{39F1EBBE-0B58-45EC-B3D9-358628A197DE}.Debug|x64.Build.0 = Debug|Any CPU
		{39F1EBBE-0B58-45EC-B3D9-358628A197DE}.Debug|x86.ActiveCfg = Debug|Any CPU
		{39F1EBBE-0B58-45EC-B3D9-358628A197DE}.Debug|x86.Build.0 = Debug|Any CPU
		{39F1EBBE-0B58-45EC-B3D9-358628A197DE}.Release|Any CPU.ActiveCfg = Release|Any CPU
		{39F1EBBE-0B58-45EC-B3D9-358628A197DE}.Release|Any CPU.Build.0 = Release|Any CPU
		{39F1EBBE-0B58-45EC-B3D9-358628A197DE}.Release|x64.ActiveCfg = Release|Any CPU
		{39F1EBBE-0B58-45EC-B3D9-358628A197DE}.Release|x64.Build.0 = Release|Any CPU
		{39F1EBBE-0B58-45EC-B3D9-358628A197DE}.Release|x86.ActiveCfg = Release|Any CPU
		{39F1EBBE-0B58-45EC-B3D9-358628A197DE}.Release|x86.Build.0 = Release|Any CPU
		{DFFCC725-7694-4BF2-A830-5021E0BDBA40}.Debug|Any CPU.ActiveCfg = Debug|Any CPU
		{DFFCC725-7694-4BF2-A830-5021E0BDBA40}.Debug|Any CPU.Build.0 = Debug|Any CPU
		{DFFCC725-7694-4BF2-A830-5021E0BDBA40}.Debug|x64.ActiveCfg = Debug|Any CPU
		{DFFCC725-7694-4BF2-A830-5021E0BDBA40}.Debug|x64.Build.0 = Debug|Any CPU
		{DFFCC725-7694-4BF2-A830-5021E0BDBA40}.Debug|x86.ActiveCfg = Debug|Any CPU
		{DFFCC725-7694-4BF2-A830-5021E0BDBA40}.Debug|x86.Build.0 = Debug|Any CPU
		{DFFCC725-7694-4BF2-A830-5021E0BDBA40}.Release|Any CPU.ActiveCfg = Release|Any CPU
		{DFFCC725-7694-4BF2-A830-5021E0BDBA40}.Release|Any CPU.Build.0 = Release|Any CPU
		{DFFCC725-7694-4BF2-A830-5021E0BDBA40}.Release|x64.ActiveCfg = Release|Any CPU
		{DFFCC725-7694-4BF2-A830-5021E0BDBA40}.Release|x64.Build.0 = Release|Any CPU
		{DFFCC725-7694-4BF2-A830-5021E0BDBA40}.Release|x86.ActiveCfg = Release|Any CPU
		{DFFCC725-7694-4BF2-A830-5021E0BDBA40}.Release|x86.Build.0 = Release|Any CPU
		{48D4CFC6-DC10-4823-922C-D6F7EBC0B748}.Debug|Any CPU.ActiveCfg = Debug|Any CPU
		{48D4CFC6-DC10-4823-922C-D6F7EBC0B748}.Debug|Any CPU.Build.0 = Debug|Any CPU
		{48D4CFC6-DC10-4823-922C-D6F7EBC0B748}.Debug|x64.ActiveCfg = Debug|Any CPU
		{48D4CFC6-DC10-4823-922C-D6F7EBC0B748}.Debug|x64.Build.0 = Debug|Any CPU
		{48D4CFC6-DC10-4823-922C-D6F7EBC0B748}.Debug|x86.ActiveCfg = Debug|Any CPU
		{48D4CFC6-DC10-4823-922C-D6F7EBC0B748}.Debug|x86.Build.0 = Debug|Any CPU
		{48D4CFC6-DC10-4823-922C-D6F7EBC0B748}.Release|Any CPU.ActiveCfg = Release|Any CPU
		{48D4CFC6-DC10-4823-922C-D6F7EBC0B748}.Release|Any CPU.Build.0 = Release|Any CPU
		{48D4CFC6-DC10-4823-922C-D6F7EBC0B748}.Release|x64.ActiveCfg = Release|Any CPU
		{48D4CFC6-DC10-4823-922C-D6F7EBC0B748}.Release|x64.Build.0 = Release|Any CPU
		{48D4CFC6-DC10-4823-922C-D6F7EBC0B748}.Release|x86.ActiveCfg = Release|Any CPU
		{48D4CFC6-DC10-4823-922C-D6F7EBC0B748}.Release|x86.Build.0 = Release|Any CPU
		{B0F12D77-2320-46C4-A863-119BB65D8CD9}.Debug|Any CPU.ActiveCfg = Debug|Any CPU
		{B0F12D77-2320-46C4-A863-119BB65D8CD9}.Debug|Any CPU.Build.0 = Debug|Any CPU
		{B0F12D77-2320-46C4-A863-119BB65D8CD9}.Debug|x64.ActiveCfg = Debug|Any CPU
		{B0F12D77-2320-46C4-A863-119BB65D8CD9}.Debug|x64.Build.0 = Debug|Any CPU
		{B0F12D77-2320-46C4-A863-119BB65D8CD9}.Debug|x86.ActiveCfg = Debug|Any CPU
		{B0F12D77-2320-46C4-A863-119BB65D8CD9}.Debug|x86.Build.0 = Debug|Any CPU
		{B0F12D77-2320-46C4-A863-119BB65D8CD9}.Release|Any CPU.ActiveCfg = Release|Any CPU
		{B0F12D77-2320-46C4-A863-119BB65D8CD9}.Release|Any CPU.Build.0 = Release|Any CPU
		{B0F12D77-2320-46C4-A863-119BB65D8CD9}.Release|x64.ActiveCfg = Release|Any CPU
		{B0F12D77-2320-46C4-A863-119BB65D8CD9}.Release|x64.Build.0 = Release|Any CPU
		{B0F12D77-2320-46C4-A863-119BB65D8CD9}.Release|x86.ActiveCfg = Release|Any CPU
		{B0F12D77-2320-46C4-A863-119BB65D8CD9}.Release|x86.Build.0 = Release|Any CPU
		{A84B2FE8-5F02-41ED-83F1-192CA14A83B3}.Debug|Any CPU.ActiveCfg = Debug|Any CPU
		{A84B2FE8-5F02-41ED-83F1-192CA14A83B3}.Debug|Any CPU.Build.0 = Debug|Any CPU
		{A84B2FE8-5F02-41ED-83F1-192CA14A83B3}.Debug|x64.ActiveCfg = Debug|Any CPU
		{A84B2FE8-5F02-41ED-83F1-192CA14A83B3}.Debug|x64.Build.0 = Debug|Any CPU
		{A84B2FE8-5F02-41ED-83F1-192CA14A83B3}.Debug|x86.ActiveCfg = Debug|Any CPU
		{A84B2FE8-5F02-41ED-83F1-192CA14A83B3}.Debug|x86.Build.0 = Debug|Any CPU
		{A84B2FE8-5F02-41ED-83F1-192CA14A83B3}.Release|Any CPU.ActiveCfg = Release|Any CPU
		{A84B2FE8-5F02-41ED-83F1-192CA14A83B3}.Release|Any CPU.Build.0 = Release|Any CPU
		{A84B2FE8-5F02-41ED-83F1-192CA14A83B3}.Release|x64.ActiveCfg = Release|Any CPU
		{A84B2FE8-5F02-41ED-83F1-192CA14A83B3}.Release|x64.Build.0 = Release|Any CPU
		{A84B2FE8-5F02-41ED-83F1-192CA14A83B3}.Release|x86.ActiveCfg = Release|Any CPU
		{A84B2FE8-5F02-41ED-83F1-192CA14A83B3}.Release|x86.Build.0 = Release|Any CPU
		{C2AC7D06-B0F3-4AD0-B257-644DCC3B7B76}.Debug|Any CPU.ActiveCfg = Debug|Any CPU
		{C2AC7D06-B0F3-4AD0-B257-644DCC3B7B76}.Debug|Any CPU.Build.0 = Debug|Any CPU
		{C2AC7D06-B0F3-4AD0-B257-644DCC3B7B76}.Debug|x64.ActiveCfg = Debug|Any CPU
		{C2AC7D06-B0F3-4AD0-B257-644DCC3B7B76}.Debug|x64.Build.0 = Debug|Any CPU
		{C2AC7D06-B0F3-4AD0-B257-644DCC3B7B76}.Debug|x86.ActiveCfg = Debug|Any CPU
		{C2AC7D06-B0F3-4AD0-B257-644DCC3B7B76}.Debug|x86.Build.0 = Debug|Any CPU
		{C2AC7D06-B0F3-4AD0-B257-644DCC3B7B76}.Release|Any CPU.ActiveCfg = Release|Any CPU
		{C2AC7D06-B0F3-4AD0-B257-644DCC3B7B76}.Release|Any CPU.Build.0 = Release|Any CPU
		{C2AC7D06-B0F3-4AD0-B257-644DCC3B7B76}.Release|x64.ActiveCfg = Release|Any CPU
		{C2AC7D06-B0F3-4AD0-B257-644DCC3B7B76}.Release|x64.Build.0 = Release|Any CPU
		{C2AC7D06-B0F3-4AD0-B257-644DCC3B7B76}.Release|x86.ActiveCfg = Release|Any CPU
		{C2AC7D06-B0F3-4AD0-B257-644DCC3B7B76}.Release|x86.Build.0 = Release|Any CPU
		{6351AA9C-7C74-4B84-9702-C7E0C3215CD5}.Debug|Any CPU.ActiveCfg = Debug|Any CPU
		{6351AA9C-7C74-4B84-9702-C7E0C3215CD5}.Debug|Any CPU.Build.0 = Debug|Any CPU
		{6351AA9C-7C74-4B84-9702-C7E0C3215CD5}.Debug|x64.ActiveCfg = Debug|Any CPU
		{6351AA9C-7C74-4B84-9702-C7E0C3215CD5}.Debug|x64.Build.0 = Debug|Any CPU
		{6351AA9C-7C74-4B84-9702-C7E0C3215CD5}.Debug|x86.ActiveCfg = Debug|Any CPU
		{6351AA9C-7C74-4B84-9702-C7E0C3215CD5}.Debug|x86.Build.0 = Debug|Any CPU
		{6351AA9C-7C74-4B84-9702-C7E0C3215CD5}.Release|Any CPU.ActiveCfg = Release|Any CPU
		{6351AA9C-7C74-4B84-9702-C7E0C3215CD5}.Release|Any CPU.Build.0 = Release|Any CPU
		{6351AA9C-7C74-4B84-9702-C7E0C3215CD5}.Release|x64.ActiveCfg = Release|Any CPU
		{6351AA9C-7C74-4B84-9702-C7E0C3215CD5}.Release|x64.Build.0 = Release|Any CPU
		{6351AA9C-7C74-4B84-9702-C7E0C3215CD5}.Release|x86.ActiveCfg = Release|Any CPU
		{6351AA9C-7C74-4B84-9702-C7E0C3215CD5}.Release|x86.Build.0 = Release|Any CPU
		{B172434C-488C-4997-B0EC-FFAF613BF467}.Debug|Any CPU.ActiveCfg = Debug|Any CPU
		{B172434C-488C-4997-B0EC-FFAF613BF467}.Debug|Any CPU.Build.0 = Debug|Any CPU
		{B172434C-488C-4997-B0EC-FFAF613BF467}.Debug|x64.ActiveCfg = Debug|Any CPU
		{B172434C-488C-4997-B0EC-FFAF613BF467}.Debug|x64.Build.0 = Debug|Any CPU
		{B172434C-488C-4997-B0EC-FFAF613BF467}.Debug|x86.ActiveCfg = Debug|Any CPU
		{B172434C-488C-4997-B0EC-FFAF613BF467}.Debug|x86.Build.0 = Debug|Any CPU
		{B172434C-488C-4997-B0EC-FFAF613BF467}.Release|Any CPU.ActiveCfg = Release|Any CPU
		{B172434C-488C-4997-B0EC-FFAF613BF467}.Release|Any CPU.Build.0 = Release|Any CPU
		{B172434C-488C-4997-B0EC-FFAF613BF467}.Release|x64.ActiveCfg = Release|Any CPU
		{B172434C-488C-4997-B0EC-FFAF613BF467}.Release|x64.Build.0 = Release|Any CPU
		{B172434C-488C-4997-B0EC-FFAF613BF467}.Release|x86.ActiveCfg = Release|Any CPU
		{B172434C-488C-4997-B0EC-FFAF613BF467}.Release|x86.Build.0 = Release|Any CPU
		{1920EF98-C93D-4962-A0D3-0D164489BF07}.Debug|Any CPU.ActiveCfg = Debug|Any CPU
		{1920EF98-C93D-4962-A0D3-0D164489BF07}.Debug|Any CPU.Build.0 = Debug|Any CPU
		{1920EF98-C93D-4962-A0D3-0D164489BF07}.Debug|x64.ActiveCfg = Debug|Any CPU
		{1920EF98-C93D-4962-A0D3-0D164489BF07}.Debug|x64.Build.0 = Debug|Any CPU
		{1920EF98-C93D-4962-A0D3-0D164489BF07}.Debug|x86.ActiveCfg = Debug|Any CPU
		{1920EF98-C93D-4962-A0D3-0D164489BF07}.Debug|x86.Build.0 = Debug|Any CPU
		{1920EF98-C93D-4962-A0D3-0D164489BF07}.Release|Any CPU.ActiveCfg = Release|Any CPU
		{1920EF98-C93D-4962-A0D3-0D164489BF07}.Release|Any CPU.Build.0 = Release|Any CPU
		{1920EF98-C93D-4962-A0D3-0D164489BF07}.Release|x64.ActiveCfg = Release|Any CPU
		{1920EF98-C93D-4962-A0D3-0D164489BF07}.Release|x64.Build.0 = Release|Any CPU
		{1920EF98-C93D-4962-A0D3-0D164489BF07}.Release|x86.ActiveCfg = Release|Any CPU
		{1920EF98-C93D-4962-A0D3-0D164489BF07}.Release|x86.Build.0 = Release|Any CPU
		{9219E1E9-671B-439B-AA69-185BFB9D0E2F}.Debug|Any CPU.ActiveCfg = Debug|Any CPU
		{9219E1E9-671B-439B-AA69-185BFB9D0E2F}.Debug|Any CPU.Build.0 = Debug|Any CPU
		{9219E1E9-671B-439B-AA69-185BFB9D0E2F}.Debug|x64.ActiveCfg = Debug|Any CPU
		{9219E1E9-671B-439B-AA69-185BFB9D0E2F}.Debug|x64.Build.0 = Debug|Any CPU
		{9219E1E9-671B-439B-AA69-185BFB9D0E2F}.Debug|x86.ActiveCfg = Debug|Any CPU
		{9219E1E9-671B-439B-AA69-185BFB9D0E2F}.Debug|x86.Build.0 = Debug|Any CPU
		{9219E1E9-671B-439B-AA69-185BFB9D0E2F}.Release|Any CPU.ActiveCfg = Release|Any CPU
		{9219E1E9-671B-439B-AA69-185BFB9D0E2F}.Release|Any CPU.Build.0 = Release|Any CPU
		{9219E1E9-671B-439B-AA69-185BFB9D0E2F}.Release|x64.ActiveCfg = Release|Any CPU
		{9219E1E9-671B-439B-AA69-185BFB9D0E2F}.Release|x64.Build.0 = Release|Any CPU
		{9219E1E9-671B-439B-AA69-185BFB9D0E2F}.Release|x86.ActiveCfg = Release|Any CPU
		{9219E1E9-671B-439B-AA69-185BFB9D0E2F}.Release|x86.Build.0 = Release|Any CPU
		{6D15DF3F-B8AB-4BE8-B3AF-1D52C4FD15D6}.Debug|Any CPU.ActiveCfg = Debug|Any CPU
		{6D15DF3F-B8AB-4BE8-B3AF-1D52C4FD15D6}.Debug|Any CPU.Build.0 = Debug|Any CPU
		{6D15DF3F-B8AB-4BE8-B3AF-1D52C4FD15D6}.Debug|x64.ActiveCfg = Debug|Any CPU
		{6D15DF3F-B8AB-4BE8-B3AF-1D52C4FD15D6}.Debug|x64.Build.0 = Debug|Any CPU
		{6D15DF3F-B8AB-4BE8-B3AF-1D52C4FD15D6}.Debug|x86.ActiveCfg = Debug|Any CPU
		{6D15DF3F-B8AB-4BE8-B3AF-1D52C4FD15D6}.Debug|x86.Build.0 = Debug|Any CPU
		{6D15DF3F-B8AB-4BE8-B3AF-1D52C4FD15D6}.Release|Any CPU.ActiveCfg = Release|Any CPU
		{6D15DF3F-B8AB-4BE8-B3AF-1D52C4FD15D6}.Release|Any CPU.Build.0 = Release|Any CPU
		{6D15DF3F-B8AB-4BE8-B3AF-1D52C4FD15D6}.Release|x64.ActiveCfg = Release|Any CPU
		{6D15DF3F-B8AB-4BE8-B3AF-1D52C4FD15D6}.Release|x64.Build.0 = Release|Any CPU
		{6D15DF3F-B8AB-4BE8-B3AF-1D52C4FD15D6}.Release|x86.ActiveCfg = Release|Any CPU
		{6D15DF3F-B8AB-4BE8-B3AF-1D52C4FD15D6}.Release|x86.Build.0 = Release|Any CPU
		{FB16D255-E5CC-4657-B163-6FF5313D3DDD}.Debug|Any CPU.ActiveCfg = Debug|Any CPU
		{FB16D255-E5CC-4657-B163-6FF5313D3DDD}.Debug|Any CPU.Build.0 = Debug|Any CPU
		{FB16D255-E5CC-4657-B163-6FF5313D3DDD}.Debug|x64.ActiveCfg = Debug|Any CPU
		{FB16D255-E5CC-4657-B163-6FF5313D3DDD}.Debug|x64.Build.0 = Debug|Any CPU
		{FB16D255-E5CC-4657-B163-6FF5313D3DDD}.Debug|x86.ActiveCfg = Debug|Any CPU
		{FB16D255-E5CC-4657-B163-6FF5313D3DDD}.Debug|x86.Build.0 = Debug|Any CPU
		{FB16D255-E5CC-4657-B163-6FF5313D3DDD}.Release|Any CPU.ActiveCfg = Release|Any CPU
		{FB16D255-E5CC-4657-B163-6FF5313D3DDD}.Release|Any CPU.Build.0 = Release|Any CPU
		{FB16D255-E5CC-4657-B163-6FF5313D3DDD}.Release|x64.ActiveCfg = Release|Any CPU
		{FB16D255-E5CC-4657-B163-6FF5313D3DDD}.Release|x64.Build.0 = Release|Any CPU
		{FB16D255-E5CC-4657-B163-6FF5313D3DDD}.Release|x86.ActiveCfg = Release|Any CPU
		{FB16D255-E5CC-4657-B163-6FF5313D3DDD}.Release|x86.Build.0 = Release|Any CPU
		{34DA3D18-F391-4B41-864F-A77CC19554FA}.Debug|Any CPU.ActiveCfg = Debug|Any CPU
		{34DA3D18-F391-4B41-864F-A77CC19554FA}.Debug|Any CPU.Build.0 = Debug|Any CPU
		{34DA3D18-F391-4B41-864F-A77CC19554FA}.Debug|x64.ActiveCfg = Debug|Any CPU
		{34DA3D18-F391-4B41-864F-A77CC19554FA}.Debug|x64.Build.0 = Debug|Any CPU
		{34DA3D18-F391-4B41-864F-A77CC19554FA}.Debug|x86.ActiveCfg = Debug|Any CPU
		{34DA3D18-F391-4B41-864F-A77CC19554FA}.Debug|x86.Build.0 = Debug|Any CPU
		{34DA3D18-F391-4B41-864F-A77CC19554FA}.Release|Any CPU.ActiveCfg = Release|Any CPU
		{34DA3D18-F391-4B41-864F-A77CC19554FA}.Release|Any CPU.Build.0 = Release|Any CPU
		{34DA3D18-F391-4B41-864F-A77CC19554FA}.Release|x64.ActiveCfg = Release|Any CPU
		{34DA3D18-F391-4B41-864F-A77CC19554FA}.Release|x64.Build.0 = Release|Any CPU
		{34DA3D18-F391-4B41-864F-A77CC19554FA}.Release|x86.ActiveCfg = Release|Any CPU
		{34DA3D18-F391-4B41-864F-A77CC19554FA}.Release|x86.Build.0 = Release|Any CPU
		{4E7F90E8-5145-4DD3-B791-DA032C2BB5CD}.Debug|Any CPU.ActiveCfg = Debug|Any CPU
		{4E7F90E8-5145-4DD3-B791-DA032C2BB5CD}.Debug|Any CPU.Build.0 = Debug|Any CPU
		{4E7F90E8-5145-4DD3-B791-DA032C2BB5CD}.Debug|x64.ActiveCfg = Debug|Any CPU
		{4E7F90E8-5145-4DD3-B791-DA032C2BB5CD}.Debug|x64.Build.0 = Debug|Any CPU
		{4E7F90E8-5145-4DD3-B791-DA032C2BB5CD}.Debug|x86.ActiveCfg = Debug|Any CPU
		{4E7F90E8-5145-4DD3-B791-DA032C2BB5CD}.Debug|x86.Build.0 = Debug|Any CPU
		{4E7F90E8-5145-4DD3-B791-DA032C2BB5CD}.Release|Any CPU.ActiveCfg = Release|Any CPU
		{4E7F90E8-5145-4DD3-B791-DA032C2BB5CD}.Release|Any CPU.Build.0 = Release|Any CPU
		{4E7F90E8-5145-4DD3-B791-DA032C2BB5CD}.Release|x64.ActiveCfg = Release|Any CPU
		{4E7F90E8-5145-4DD3-B791-DA032C2BB5CD}.Release|x64.Build.0 = Release|Any CPU
		{4E7F90E8-5145-4DD3-B791-DA032C2BB5CD}.Release|x86.ActiveCfg = Release|Any CPU
		{4E7F90E8-5145-4DD3-B791-DA032C2BB5CD}.Release|x86.Build.0 = Release|Any CPU
		{B9110381-41DE-45B5-89C4-D0C0D8491F4C}.Debug|Any CPU.ActiveCfg = Debug|Any CPU
		{B9110381-41DE-45B5-89C4-D0C0D8491F4C}.Debug|Any CPU.Build.0 = Debug|Any CPU
		{B9110381-41DE-45B5-89C4-D0C0D8491F4C}.Debug|x64.ActiveCfg = Debug|Any CPU
		{B9110381-41DE-45B5-89C4-D0C0D8491F4C}.Debug|x64.Build.0 = Debug|Any CPU
		{B9110381-41DE-45B5-89C4-D0C0D8491F4C}.Debug|x86.ActiveCfg = Debug|Any CPU
		{B9110381-41DE-45B5-89C4-D0C0D8491F4C}.Debug|x86.Build.0 = Debug|Any CPU
		{B9110381-41DE-45B5-89C4-D0C0D8491F4C}.Release|Any CPU.ActiveCfg = Release|Any CPU
		{B9110381-41DE-45B5-89C4-D0C0D8491F4C}.Release|Any CPU.Build.0 = Release|Any CPU
		{B9110381-41DE-45B5-89C4-D0C0D8491F4C}.Release|x64.ActiveCfg = Release|Any CPU
		{B9110381-41DE-45B5-89C4-D0C0D8491F4C}.Release|x64.Build.0 = Release|Any CPU
		{B9110381-41DE-45B5-89C4-D0C0D8491F4C}.Release|x86.ActiveCfg = Release|Any CPU
		{B9110381-41DE-45B5-89C4-D0C0D8491F4C}.Release|x86.Build.0 = Release|Any CPU
		{AD6E471A-66A1-40E9-A198-5268836FF858}.Debug|Any CPU.ActiveCfg = Debug|Any CPU
		{AD6E471A-66A1-40E9-A198-5268836FF858}.Debug|Any CPU.Build.0 = Debug|Any CPU
		{AD6E471A-66A1-40E9-A198-5268836FF858}.Debug|x64.ActiveCfg = Debug|Any CPU
		{AD6E471A-66A1-40E9-A198-5268836FF858}.Debug|x64.Build.0 = Debug|Any CPU
		{AD6E471A-66A1-40E9-A198-5268836FF858}.Debug|x86.ActiveCfg = Debug|Any CPU
		{AD6E471A-66A1-40E9-A198-5268836FF858}.Debug|x86.Build.0 = Debug|Any CPU
		{AD6E471A-66A1-40E9-A198-5268836FF858}.Release|Any CPU.ActiveCfg = Release|Any CPU
		{AD6E471A-66A1-40E9-A198-5268836FF858}.Release|Any CPU.Build.0 = Release|Any CPU
		{AD6E471A-66A1-40E9-A198-5268836FF858}.Release|x64.ActiveCfg = Release|Any CPU
		{AD6E471A-66A1-40E9-A198-5268836FF858}.Release|x64.Build.0 = Release|Any CPU
		{AD6E471A-66A1-40E9-A198-5268836FF858}.Release|x86.ActiveCfg = Release|Any CPU
		{AD6E471A-66A1-40E9-A198-5268836FF858}.Release|x86.Build.0 = Release|Any CPU
		{B50F7FCE-35AF-4310-8BE0-621B7B2F86EE}.Debug|Any CPU.ActiveCfg = Debug|Any CPU
		{B50F7FCE-35AF-4310-8BE0-621B7B2F86EE}.Debug|Any CPU.Build.0 = Debug|Any CPU
		{B50F7FCE-35AF-4310-8BE0-621B7B2F86EE}.Debug|x64.ActiveCfg = Debug|Any CPU
		{B50F7FCE-35AF-4310-8BE0-621B7B2F86EE}.Debug|x64.Build.0 = Debug|Any CPU
		{B50F7FCE-35AF-4310-8BE0-621B7B2F86EE}.Debug|x86.ActiveCfg = Debug|Any CPU
		{B50F7FCE-35AF-4310-8BE0-621B7B2F86EE}.Debug|x86.Build.0 = Debug|Any CPU
		{B50F7FCE-35AF-4310-8BE0-621B7B2F86EE}.Release|Any CPU.ActiveCfg = Release|Any CPU
		{B50F7FCE-35AF-4310-8BE0-621B7B2F86EE}.Release|Any CPU.Build.0 = Release|Any CPU
		{B50F7FCE-35AF-4310-8BE0-621B7B2F86EE}.Release|x64.ActiveCfg = Release|Any CPU
		{B50F7FCE-35AF-4310-8BE0-621B7B2F86EE}.Release|x64.Build.0 = Release|Any CPU
		{B50F7FCE-35AF-4310-8BE0-621B7B2F86EE}.Release|x86.ActiveCfg = Release|Any CPU
		{B50F7FCE-35AF-4310-8BE0-621B7B2F86EE}.Release|x86.Build.0 = Release|Any CPU
		{5E3174F9-80D7-48D7-9954-265CB3C4D1F5}.Debug|Any CPU.ActiveCfg = Debug|Any CPU
		{5E3174F9-80D7-48D7-9954-265CB3C4D1F5}.Debug|Any CPU.Build.0 = Debug|Any CPU
		{5E3174F9-80D7-48D7-9954-265CB3C4D1F5}.Debug|x64.ActiveCfg = Debug|Any CPU
		{5E3174F9-80D7-48D7-9954-265CB3C4D1F5}.Debug|x64.Build.0 = Debug|Any CPU
		{5E3174F9-80D7-48D7-9954-265CB3C4D1F5}.Debug|x86.ActiveCfg = Debug|Any CPU
		{5E3174F9-80D7-48D7-9954-265CB3C4D1F5}.Debug|x86.Build.0 = Debug|Any CPU
		{5E3174F9-80D7-48D7-9954-265CB3C4D1F5}.Release|Any CPU.ActiveCfg = Release|Any CPU
		{5E3174F9-80D7-48D7-9954-265CB3C4D1F5}.Release|Any CPU.Build.0 = Release|Any CPU
		{5E3174F9-80D7-48D7-9954-265CB3C4D1F5}.Release|x64.ActiveCfg = Release|Any CPU
		{5E3174F9-80D7-48D7-9954-265CB3C4D1F5}.Release|x64.Build.0 = Release|Any CPU
		{5E3174F9-80D7-48D7-9954-265CB3C4D1F5}.Release|x86.ActiveCfg = Release|Any CPU
		{5E3174F9-80D7-48D7-9954-265CB3C4D1F5}.Release|x86.Build.0 = Release|Any CPU
		{AB1801EB-8C49-401B-BFD4-7F9EFB4308C2}.Debug|Any CPU.ActiveCfg = Debug|Any CPU
		{AB1801EB-8C49-401B-BFD4-7F9EFB4308C2}.Debug|Any CPU.Build.0 = Debug|Any CPU
		{AB1801EB-8C49-401B-BFD4-7F9EFB4308C2}.Debug|x64.ActiveCfg = Debug|Any CPU
		{AB1801EB-8C49-401B-BFD4-7F9EFB4308C2}.Debug|x64.Build.0 = Debug|Any CPU
		{AB1801EB-8C49-401B-BFD4-7F9EFB4308C2}.Debug|x86.ActiveCfg = Debug|Any CPU
		{AB1801EB-8C49-401B-BFD4-7F9EFB4308C2}.Debug|x86.Build.0 = Debug|Any CPU
		{AB1801EB-8C49-401B-BFD4-7F9EFB4308C2}.Release|Any CPU.ActiveCfg = Release|Any CPU
		{AB1801EB-8C49-401B-BFD4-7F9EFB4308C2}.Release|Any CPU.Build.0 = Release|Any CPU
		{AB1801EB-8C49-401B-BFD4-7F9EFB4308C2}.Release|x64.ActiveCfg = Release|Any CPU
		{AB1801EB-8C49-401B-BFD4-7F9EFB4308C2}.Release|x64.Build.0 = Release|Any CPU
		{AB1801EB-8C49-401B-BFD4-7F9EFB4308C2}.Release|x86.ActiveCfg = Release|Any CPU
		{AB1801EB-8C49-401B-BFD4-7F9EFB4308C2}.Release|x86.Build.0 = Release|Any CPU
	EndGlobalSection
	GlobalSection(SolutionProperties) = preSolution
		HideSolutionNode = FALSE
	EndGlobalSection
	GlobalSection(ExtensibilityGlobals) = postSolution
		SolutionGuid = {76D138D8-8445-41B2-8A2F-BD936FE93506}
	EndGlobalSection
EndGlobal
